
Microsoft Visual Studio Solution File, Format Version 11.00
# Visual Studio 2010
Project("{FAE04EC0-301F-11D3-BF4B-00C04F79EFBC}") = "ChangePassword", "ChangePassword\ChangePassword.csproj", "{CCE22546-C934-4845-BB88-33687F2EC78E}"
EndProject
Global
	GlobalSection(SolutionConfigurationPlatforms) = preSolution
		Debug|Any CPU = Debug|Any CPU
		Release|Any CPU = Release|Any CPU
	EndGlobalSection
	GlobalSection(ProjectConfigurationPlatforms) = postSolution
		{CCE22546-C934-4845-BB88-33687F2EC78E}.Debug|Any CPU.ActiveCfg = Debug|Any CPU
		{CCE22546-C934-4845-BB88-33687F2EC78E}.Debug|Any CPU.Build.0 = Debug|Any CPU
		{CCE22546-C934-4845-BB88-33687F2EC78E}.Release|Any CPU.ActiveCfg = Release|Any CPU
		{CCE22546-C934-4845-BB88-33687F2EC78E}.Release|Any CPU.Build.0 = Release|Any CPU
	EndGlobalSection
	GlobalSection(SolutionProperties) = preSolution
		HideSolutionNode = FALSE
	EndGlobalSection
EndGlobal
